// !$*UTF8*$!
{
	archiveVersion = 1;
	classes = {
	};
	objectVersion = 77;
	objects = {

/* Begin PBXBuildFile section */
		07056F64EDD79B538C159BA3 /* Locales.swift in Sources */ = {isa = PBXBuildFile; fileRef = 3EBBC501FF88B330887E3DD0 /* Locales.swift */; };
		0AA077725794C71F3403A8FC /* ASCClient.swift in Sources */ = {isa = PBXBuildFile; fileRef = EBE760690B10ED4A37047527 /* ASCClient.swift */; };
		0B3A995605865CD370FD476F /* Scaffold.swift in Sources */ = {isa = PBXBuildFile; fileRef = 7C45C322FB31451E294A39FB /* Scaffold.swift */; };
		1A2AD71C3C8D5A309441562B /* Store.swift in Sources */ = {isa = PBXBuildFile; fileRef = 5225FCAE223BB17548EEBD8D /* Store.swift */; };
		1AC8E331711B872E3219C61B /* GuideView.swift in Sources */ = {isa = PBXBuildFile; fileRef = 4C475F592B99AE48A33769A5 /* GuideView.swift */; };
		28A7B9748900FC55CE5A5CEE /* Shell.swift in Sources */ = {isa = PBXBuildFile; fileRef = AC4D5228C69A5DD4DC81D7DE /* Shell.swift */; };
		31ADCCD92DA9A091AD05814C /* Store+Scaffold.swift in Sources */ = {isa = PBXBuildFile; fileRef = B43DBFC0D66929E1A4C78681 /* Store+Scaffold.swift */; };
		36148CF28DACAEA5519E04FF /* NotesView.swift in Sources */ = {isa = PBXBuildFile; fileRef = 36C4E9821C1904EC4156A7E9 /* NotesView.swift */; };
		3C33A4C847474083B59E159A /* App.swift in Sources */ = {isa = PBXBuildFile; fileRef = 4D33D4B35E9C46D91AD0A7C8 /* App.swift */; };
		409E6BAAF6DAC213841D3621 /* Store+Fix.swift in Sources */ = {isa = PBXBuildFile; fileRef = E9D778E45E4B8A99C150CA81 /* Store+Fix.swift */; };
		473A5C4B6A8C7BBA2C3420EB /* Readiness.swift in Sources */ = {isa = PBXBuildFile; fileRef = C9EE1D707F414933B0F50390 /* Readiness.swift */; };
		47BC0F1E84D79021B9086CD2 /* Store+ReleaseNotes.swift in Sources */ = {isa = PBXBuildFile; fileRef = C56DBFC16FAA54399A3E620E /* Store+ReleaseNotes.swift */; };
		4A69BADEE3A0780C7136E4C5 /* ReleaseNotes.swift in Sources */ = {isa = PBXBuildFile; fileRef = FF2031292F4200301117DF4A /* ReleaseNotes.swift */; };
		5BE97B29E7094B091E5BC608 /* Notifier.swift in Sources */ = {isa = PBXBuildFile; fileRef = CBB6479E21A3BE2BCC8DA4CE /* Notifier.swift */; };
		66342B21D45D2D032AF851BD /* AppCard.swift in Sources */ = {isa = PBXBuildFile; fileRef = BFE808863D0A36BAA4A1D7F9 /* AppCard.swift */; };
		72111E611219448617778907 /* GitInfo.swift in Sources */ = {isa = PBXBuildFile; fileRef = A374A6AA5C657BDAE55BFDA7 /* GitInfo.swift */; };
		7EAEEF7C6B8714A6D27C6EBD /* AppRepo.swift in Sources */ = {isa = PBXBuildFile; fileRef = EDBF5BD1DAEF52D3A9F51A47 /* AppRepo.swift */; };
		8B6C7BD79649DACA64C39BA6 /* ContentView.swift in Sources */ = {isa = PBXBuildFile; fileRef = 7D3E5F85FD64836F461F8CE1 /* ContentView.swift */; };
		95D54842D7ECA854A99E7423 /* SummaryBar.swift in Sources */ = {isa = PBXBuildFile; fileRef = 0E71F6A377D91ECEB9DE3C00 /* SummaryBar.swift */; };
		9CC9759E97A07806568DE0A8 /* Clipboard.swift in Sources */ = {isa = PBXBuildFile; fileRef = 2E84E2C115C59E8BF29DA44E /* Clipboard.swift */; };
		A860E53B2E560B02B513EE55 /* Status.swift in Sources */ = {isa = PBXBuildFile; fileRef = EF0A178D9B14B29740E924E4 /* Status.swift */; };
		A966D064AE5770E06C75F9D3 /* OrderEditor.swift in Sources */ = {isa = PBXBuildFile; fileRef = B228C05B05FA1AC680B6515D /* OrderEditor.swift */; };
		AB8666BDB17FBBE8229F42BB /* StatusChange.swift in Sources */ = {isa = PBXBuildFile; fileRef = A4C12FC724FA840EF3C06E16 /* StatusChange.swift */; };
		B0741096AFD7607CE5AD42E9 /* Config.swift in Sources */ = {isa = PBXBuildFile; fileRef = 1EF2112119180659331C2054 /* Config.swift */; };
		BF18BE15DFB92E195D89AB53 /* DeployError.swift in Sources */ = {isa = PBXBuildFile; fileRef = 3AB5A3E1CEDA622000143B89 /* DeployError.swift */; };
		CA9193EADEA8F8B1452EED9F /* AppFilter.swift in Sources */ = {isa = PBXBuildFile; fileRef = 6817E153578A4E00168F8A72 /* AppFilter.swift */; };
		CC165BF8EEAE82A96A44CE7B /* Assets.xcassets in Resources */ = {isa = PBXBuildFile; fileRef = CB9D4EBA17ACC04E8F2C9252 /* Assets.xcassets */; };
		D2C74952362425B60D734D5C /* CLI.swift in Sources */ = {isa = PBXBuildFile; fileRef = D851284B3138512FDF6EF157 /* CLI.swift */; };
		DC93BC612F98D0BBE5EFDAEF /* Localization.swift in Sources */ = {isa = PBXBuildFile; fileRef = 4AB262BB2814990ED93B6B9B /* Localization.swift */; };
		E04B6E4057BE44F914934CD9 /* Deployer.swift in Sources */ = {isa = PBXBuildFile; fileRef = 88BC5421454848BF453EAA81 /* Deployer.swift */; };
		E63A44AAF7FDFC88436B0DAE /* Store+Deploy.swift in Sources */ = {isa = PBXBuildFile; fileRef = 3A81893B64F9BF7E01870AEE /* Store+Deploy.swift */; };
		ED3BDBBD571E0856E798D08D /* LogView.swift in Sources */ = {isa = PBXBuildFile; fileRef = E28399DAC3FBD06AB97D825B /* LogView.swift */; };
		F582D48D2BDC9F84C3DA5ADD /* Models.swift in Sources */ = {isa = PBXBuildFile; fileRef = F20B29C4108A3C3EACA4C831 /* Models.swift */; };
		FC178E1F7E1D1CE28E752B88 /* ReadinessChecklist.swift in Sources */ = {isa = PBXBuildFile; fileRef = 7E4FC0E414301AA4BBB5C5E2 /* ReadinessChecklist.swift */; };
/* End PBXBuildFile section */

/* Begin PBXFileReference section */
		0E71F6A377D91ECEB9DE3C00 /* SummaryBar.swift */ = {isa = PBXFileReference; lastKnownFileType = sourcecode.swift; path = SummaryBar.swift; sourceTree = "<group>"; };
		1EF2112119180659331C2054 /* Config.swift */ = {isa = PBXFileReference; lastKnownFileType = sourcecode.swift; path = Config.swift; sourceTree = "<group>"; };
		2E84E2C115C59E8BF29DA44E /* Clipboard.swift */ = {isa = PBXFileReference; lastKnownFileType = sourcecode.swift; path = Clipboard.swift; sourceTree = "<group>"; };
		36C4E9821C1904EC4156A7E9 /* NotesView.swift */ = {isa = PBXFileReference; lastKnownFileType = sourcecode.swift; path = NotesView.swift; sourceTree = "<group>"; };
		3A81893B64F9BF7E01870AEE /* Store+Deploy.swift */ = {isa = PBXFileReference; lastKnownFileType = sourcecode.swift; path = "Store+Deploy.swift"; sourceTree = "<group>"; };
		3AB5A3E1CEDA622000143B89 /* DeployError.swift */ = {isa = PBXFileReference; lastKnownFileType = sourcecode.swift; path = DeployError.swift; sourceTree = "<group>"; };
		3EBBC501FF88B330887E3DD0 /* Locales.swift */ = {isa = PBXFileReference; lastKnownFileType = sourcecode.swift; path = Locales.swift; sourceTree = "<group>"; };
		4AB262BB2814990ED93B6B9B /* Localization.swift */ = {isa = PBXFileReference; lastKnownFileType = sourcecode.swift; path = Localization.swift; sourceTree = "<group>"; };
		4C475F592B99AE48A33769A5 /* GuideView.swift */ = {isa = PBXFileReference; lastKnownFileType = sourcecode.swift; path = GuideView.swift; sourceTree = "<group>"; };
		4D33D4B35E9C46D91AD0A7C8 /* App.swift */ = {isa = PBXFileReference; lastKnownFileType = sourcecode.swift; path = App.swift; sourceTree = "<group>"; };
		5225FCAE223BB17548EEBD8D /* Store.swift */ = {isa = PBXFileReference; lastKnownFileType = sourcecode.swift; path = Store.swift; sourceTree = "<group>"; };
		6817E153578A4E00168F8A72 /* AppFilter.swift */ = {isa = PBXFileReference; lastKnownFileType = sourcecode.swift; path = AppFilter.swift; sourceTree = "<group>"; };
		7C45C322FB31451E294A39FB /* Scaffold.swift */ = {isa = PBXFileReference; lastKnownFileType = sourcecode.swift; path = Scaffold.swift; sourceTree = "<group>"; };
		7D3E5F85FD64836F461F8CE1 /* ContentView.swift */ = {isa = PBXFileReference; lastKnownFileType = sourcecode.swift; path = ContentView.swift; sourceTree = "<group>"; };
		7E4FC0E414301AA4BBB5C5E2 /* ReadinessChecklist.swift */ = {isa = PBXFileReference; lastKnownFileType = sourcecode.swift; path = ReadinessChecklist.swift; sourceTree = "<group>"; };
		88BC5421454848BF453EAA81 /* Deployer.swift */ = {isa = PBXFileReference; lastKnownFileType = sourcecode.swift; path = Deployer.swift; sourceTree = "<group>"; };
		A374A6AA5C657BDAE55BFDA7 /* GitInfo.swift */ = {isa = PBXFileReference; lastKnownFileType = sourcecode.swift; path = GitInfo.swift; sourceTree = "<group>"; };
		A4C12FC724FA840EF3C06E16 /* StatusChange.swift */ = {isa = PBXFileReference; lastKnownFileType = sourcecode.swift; path = StatusChange.swift; sourceTree = "<group>"; };
		AC4D5228C69A5DD4DC81D7DE /* Shell.swift */ = {isa = PBXFileReference; lastKnownFileType = sourcecode.swift; path = Shell.swift; sourceTree = "<group>"; };
		B228C05B05FA1AC680B6515D /* OrderEditor.swift */ = {isa = PBXFileReference; lastKnownFileType = sourcecode.swift; path = OrderEditor.swift; sourceTree = "<group>"; };
		B43DBFC0D66929E1A4C78681 /* Store+Scaffold.swift */ = {isa = PBXFileReference; lastKnownFileType = sourcecode.swift; path = "Store+Scaffold.swift"; sourceTree = "<group>"; };
		BFE808863D0A36BAA4A1D7F9 /* AppCard.swift */ = {isa = PBXFileReference; lastKnownFileType = sourcecode.swift; path = AppCard.swift; sourceTree = "<group>"; };
		C56DBFC16FAA54399A3E620E /* Store+ReleaseNotes.swift */ = {isa = PBXFileReference; lastKnownFileType = sourcecode.swift; path = "Store+ReleaseNotes.swift"; sourceTree = "<group>"; };
		C9EE1D707F414933B0F50390 /* Readiness.swift */ = {isa = PBXFileReference; lastKnownFileType = sourcecode.swift; path = Readiness.swift; sourceTree = "<group>"; };
		CB9D4EBA17ACC04E8F2C9252 /* Assets.xcassets */ = {isa = PBXFileReference; lastKnownFileType = folder.assetcatalog; path = Assets.xcassets; sourceTree = "<group>"; };
		CBB6479E21A3BE2BCC8DA4CE /* Notifier.swift */ = {isa = PBXFileReference; lastKnownFileType = sourcecode.swift; path = Notifier.swift; sourceTree = "<group>"; };
		D851284B3138512FDF6EF157 /* CLI.swift */ = {isa = PBXFileReference; lastKnownFileType = sourcecode.swift; path = CLI.swift; sourceTree = "<group>"; };
		DD43A2A6C53DEA9D5514D087 /* DeployBar.app */ = {isa = PBXFileReference; explicitFileType = wrapper.application; includeInIndex = 0; path = DeployBar.app; sourceTree = BUILT_PRODUCTS_DIR; };
		E28399DAC3FBD06AB97D825B /* LogView.swift */ = {isa = PBXFileReference; lastKnownFileType = sourcecode.swift; path = LogView.swift; sourceTree = "<group>"; };
		E9D778E45E4B8A99C150CA81 /* Store+Fix.swift */ = {isa = PBXFileReference; lastKnownFileType = sourcecode.swift; path = "Store+Fix.swift"; sourceTree = "<group>"; };
		EBE760690B10ED4A37047527 /* ASCClient.swift */ = {isa = PBXFileReference; lastKnownFileType = sourcecode.swift; path = ASCClient.swift; sourceTree = "<group>"; };
		EDBF5BD1DAEF52D3A9F51A47 /* AppRepo.swift */ = {isa = PBXFileReference; lastKnownFileType = sourcecode.swift; path = AppRepo.swift; sourceTree = "<group>"; };
		EF0A178D9B14B29740E924E4 /* Status.swift */ = {isa = PBXFileReference; lastKnownFileType = sourcecode.swift; path = Status.swift; sourceTree = "<group>"; };
		F20B29C4108A3C3EACA4C831 /* Models.swift */ = {isa = PBXFileReference; lastKnownFileType = sourcecode.swift; path = Models.swift; sourceTree = "<group>"; };
		FF2031292F4200301117DF4A /* ReleaseNotes.swift */ = {isa = PBXFileReference; lastKnownFileType = sourcecode.swift; path = ReleaseNotes.swift; sourceTree = "<group>"; };
/* End PBXFileReference section */

/* Begin PBXGroup section */
		1B41EF9D349B18CCFCE1EBAB = {
			isa = PBXGroup;
			children = (
				E4FD0830EAB7EE2E73D26996 /* DeployBar */,
				65A8390B4450963738E8F560 /* Products */,
			);
			sourceTree = "<group>";
		};
		296636BDD8317D5EB171DCEC /* Services */ = {
			isa = PBXGroup;
			children = (
				EBE760690B10ED4A37047527 /* ASCClient.swift */,
				88BC5421454848BF453EAA81 /* Deployer.swift */,
				CBB6479E21A3BE2BCC8DA4CE /* Notifier.swift */,
				FF2031292F4200301117DF4A /* ReleaseNotes.swift */,
				7C45C322FB31451E294A39FB /* Scaffold.swift */,
			);
			path = Services;
			sourceTree = "<group>";
		};
		4A8953F6B61B839231CCE8F5 /* Store */ = {
			isa = PBXGroup;
			children = (
				5225FCAE223BB17548EEBD8D /* Store.swift */,
				3A81893B64F9BF7E01870AEE /* Store+Deploy.swift */,
				E9D778E45E4B8A99C150CA81 /* Store+Fix.swift */,
				C56DBFC16FAA54399A3E620E /* Store+ReleaseNotes.swift */,
				B43DBFC0D66929E1A4C78681 /* Store+Scaffold.swift */,
			);
			path = Store;
			sourceTree = "<group>";
		};
		65A8390B4450963738E8F560 /* Products */ = {
			isa = PBXGroup;
			children = (
				DD43A2A6C53DEA9D5514D087 /* DeployBar.app */,
			);
			name = Products;
			sourceTree = "<group>";
		};
		D0B23C9BD3D2E15EC6C0DA7E /* Core */ = {
			isa = PBXGroup;
			children = (
				EDBF5BD1DAEF52D3A9F51A47 /* AppRepo.swift */,
				2E84E2C115C59E8BF29DA44E /* Clipboard.swift */,
				1EF2112119180659331C2054 /* Config.swift */,
				3AB5A3E1CEDA622000143B89 /* DeployError.swift */,
				A374A6AA5C657BDAE55BFDA7 /* GitInfo.swift */,
				3EBBC501FF88B330887E3DD0 /* Locales.swift */,
				4AB262BB2814990ED93B6B9B /* Localization.swift */,
				F20B29C4108A3C3EACA4C831 /* Models.swift */,
				C9EE1D707F414933B0F50390 /* Readiness.swift */,
				AC4D5228C69A5DD4DC81D7DE /* Shell.swift */,
				EF0A178D9B14B29740E924E4 /* Status.swift */,
				A4C12FC724FA840EF3C06E16 /* StatusChange.swift */,
			);
			path = Core;
			sourceTree = "<group>";
		};
		E4FD0830EAB7EE2E73D26996 /* DeployBar */ = {
			isa = PBXGroup;
			children = (
				4D33D4B35E9C46D91AD0A7C8 /* App.swift */,
				CB9D4EBA17ACC04E8F2C9252 /* Assets.xcassets */,
				D851284B3138512FDF6EF157 /* CLI.swift */,
				D0B23C9BD3D2E15EC6C0DA7E /* Core */,
				296636BDD8317D5EB171DCEC /* Services */,
				4A8953F6B61B839231CCE8F5 /* Store */,
				E681E6BD79BB2E1428865360 /* UI */,
			);
			path = DeployBar;
			sourceTree = "<group>";
		};
		E681E6BD79BB2E1428865360 /* UI */ = {
			isa = PBXGroup;
			children = (
				BFE808863D0A36BAA4A1D7F9 /* AppCard.swift */,
				6817E153578A4E00168F8A72 /* AppFilter.swift */,
				7D3E5F85FD64836F461F8CE1 /* ContentView.swift */,
				4C475F592B99AE48A33769A5 /* GuideView.swift */,
				E28399DAC3FBD06AB97D825B /* LogView.swift */,
				36C4E9821C1904EC4156A7E9 /* NotesView.swift */,
				B228C05B05FA1AC680B6515D /* OrderEditor.swift */,
				7E4FC0E414301AA4BBB5C5E2 /* ReadinessChecklist.swift */,
				0E71F6A377D91ECEB9DE3C00 /* SummaryBar.swift */,
			);
			path = UI;
			sourceTree = "<group>";
		};
/* End PBXGroup section */

/* Begin PBXNativeTarget section */
		F7093A706C16CAF06473EC86 /* DeployBar */ = {
			isa = PBXNativeTarget;
			buildConfigurationList = 606CF53741F937BF6C070B6C /* Build configuration list for PBXNativeTarget "DeployBar" */;
			buildPhases = (
				5FC02FD7E19FBAEE85E2A354 /* Sources */,
				785FFEAED22A10D0231F35B0 /* Resources */,
			);
			buildRules = (
			);
			dependencies = (
			);
			name = DeployBar;
			packageProductDependencies = (
			);
			productName = DeployBar;
			productReference = DD43A2A6C53DEA9D5514D087 /* DeployBar.app */;
			productType = "com.apple.product-type.application";
		};
/* End PBXNativeTarget section */

/* Begin PBXProject section */
		CEFDCD51BD5695E365B54CD3 /* Project object */ = {
			isa = PBXProject;
			attributes = {
				BuildIndependentTargetsInParallel = YES;
				LastUpgradeCheck = 2600;
				TargetAttributes = {
					F7093A706C16CAF06473EC86 = {
						DevelopmentTeam = QGAQ3AY3R3;
						ProvisioningStyle = Automatic;
					};
				};
			};
			buildConfigurationList = B746D0232D5BDFBA21595CA0 /* Build configuration list for PBXProject "DeployBar" */;
			compatibilityVersion = "Xcode 14.0";
			developmentRegion = en;
			hasScannedForEncodings = 0;
			knownRegions = (
				Base,
				en,
			);
			mainGroup = 1B41EF9D349B18CCFCE1EBAB;
			minimizedProjectReferenceProxies = 1;
			preferredProjectObjectVersion = 77;
			projectDirPath = "";
			projectRoot = "";
			targets = (
				F7093A706C16CAF06473EC86 /* DeployBar */,
			);
		};
/* End PBXProject section */

/* Begin PBXResourcesBuildPhase section */
		785FFEAED22A10D0231F35B0 /* Resources */ = {
			isa = PBXResourcesBuildPhase;
			buildActionMask = 2147483647;
			files = (
				CC165BF8EEAE82A96A44CE7B /* Assets.xcassets in Resources */,
			);
			runOnlyForDeploymentPostprocessing = 0;
		};
/* End PBXResourcesBuildPhase section */

/* Begin PBXSourcesBuildPhase section */
		5FC02FD7E19FBAEE85E2A354 /* Sources */ = {
			isa = PBXSourcesBuildPhase;
			buildActionMask = 2147483647;
			files = (
				0AA077725794C71F3403A8FC /* ASCClient.swift in Sources */,
				3C33A4C847474083B59E159A /* App.swift in Sources */,
				66342B21D45D2D032AF851BD /* AppCard.swift in Sources */,
				CA9193EADEA8F8B1452EED9F /* AppFilter.swift in Sources */,
				7EAEEF7C6B8714A6D27C6EBD /* AppRepo.swift in Sources */,
				D2C74952362425B60D734D5C /* CLI.swift in Sources */,
				9CC9759E97A07806568DE0A8 /* Clipboard.swift in Sources */,
				B0741096AFD7607CE5AD42E9 /* Config.swift in Sources */,
				8B6C7BD79649DACA64C39BA6 /* ContentView.swift in Sources */,
				BF18BE15DFB92E195D89AB53 /* DeployError.swift in Sources */,
				E04B6E4057BE44F914934CD9 /* Deployer.swift in Sources */,
				72111E611219448617778907 /* GitInfo.swift in Sources */,
				1AC8E331711B872E3219C61B /* GuideView.swift in Sources */,
				07056F64EDD79B538C159BA3 /* Locales.swift in Sources */,
				DC93BC612F98D0BBE5EFDAEF /* Localization.swift in Sources */,
				ED3BDBBD571E0856E798D08D /* LogView.swift in Sources */,
				F582D48D2BDC9F84C3DA5ADD /* Models.swift in Sources */,
				36148CF28DACAEA5519E04FF /* NotesView.swift in Sources */,
				5BE97B29E7094B091E5BC608 /* Notifier.swift in Sources */,
				A966D064AE5770E06C75F9D3 /* OrderEditor.swift in Sources */,
				473A5C4B6A8C7BBA2C3420EB /* Readiness.swift in Sources */,
				FC178E1F7E1D1CE28E752B88 /* ReadinessChecklist.swift in Sources */,
				4A69BADEE3A0780C7136E4C5 /* ReleaseNotes.swift in Sources */,
				0B3A995605865CD370FD476F /* Scaffold.swift in Sources */,
				28A7B9748900FC55CE5A5CEE /* Shell.swift in Sources */,
				A860E53B2E560B02B513EE55 /* Status.swift in Sources */,
				AB8666BDB17FBBE8229F42BB /* StatusChange.swift in Sources */,
				E63A44AAF7FDFC88436B0DAE /* Store+Deploy.swift in Sources */,
				409E6BAAF6DAC213841D3621 /* Store+Fix.swift in Sources */,
				47BC0F1E84D79021B9086CD2 /* Store+ReleaseNotes.swift in Sources */,
				31ADCCD92DA9A091AD05814C /* Store+Scaffold.swift in Sources */,
				1A2AD71C3C8D5A309441562B /* Store.swift in Sources */,
				95D54842D7ECA854A99E7423 /* SummaryBar.swift in Sources */,
			);
			runOnlyForDeploymentPostprocessing = 0;
		};
/* End PBXSourcesBuildPhase section */

/* Begin XCBuildConfiguration section */
		384F3C0A005A3BA69669AF9E /* Debug */ = {
			isa = XCBuildConfiguration;
			buildSettings = {
				ALWAYS_SEARCH_USER_PATHS = NO;
				CLANG_ANALYZER_NONNULL = YES;
				CLANG_ANALYZER_NUMBER_OBJECT_CONVERSION = YES_AGGRESSIVE;
				CLANG_CXX_LANGUAGE_STANDARD = "gnu++14";
				CLANG_CXX_LIBRARY = "libc++";
				CLANG_ENABLE_MODULES = YES;
				CLANG_ENABLE_OBJC_ARC = YES;
				CLANG_ENABLE_OBJC_WEAK = YES;
				CLANG_WARN_BLOCK_CAPTURE_AUTORELEASING = YES;
				CLANG_WARN_BOOL_CONVERSION = YES;
				CLANG_WARN_COMMA = YES;
				CLANG_WARN_CONSTANT_CONVERSION = YES;
				CLANG_WARN_DEPRECATED_OBJC_IMPLEMENTATIONS = YES;
				CLANG_WARN_DIRECT_OBJC_ISA_USAGE = YES_ERROR;
				CLANG_WARN_DOCUMENTATION_COMMENTS = YES;
				CLANG_WARN_EMPTY_BODY = YES;
				CLANG_WARN_ENUM_CONVERSION = YES;
				CLANG_WARN_INFINITE_RECURSION = YES;
				CLANG_WARN_INT_CONVERSION = YES;
				CLANG_WARN_NON_LITERAL_NULL_CONVERSION = YES;
				CLANG_WARN_OBJC_IMPLICIT_RETAIN_SELF = YES;
				CLANG_WARN_OBJC_LITERAL_CONVERSION = YES;
				CLANG_WARN_OBJC_ROOT_CLASS = YES_ERROR;
				CLANG_WARN_QUOTED_INCLUDE_IN_FRAMEWORK_HEADER = YES;
				CLANG_WARN_RANGE_LOOP_ANALYSIS = YES;
				CLANG_WARN_STRICT_PROTOTYPES = YES;
				CLANG_WARN_SUSPICIOUS_MOVE = YES;
				CLANG_WARN_UNGUARDED_AVAILABILITY = YES_AGGRESSIVE;
				CLANG_WARN_UNREACHABLE_CODE = YES;
				CLANG_WARN__DUPLICATE_METHOD_MATCH = YES;
				CODE_SIGN_STYLE = Automatic;
				COPY_PHASE_STRIP = NO;
				CURRENT_PROJECT_VERSION = 1;
				DEBUG_INFORMATION_FORMAT = dwarf;
				DEVELOPMENT_TEAM = QGAQ3AY3R3;
				ENABLE_STRICT_OBJC_MSGSEND = YES;
				ENABLE_TESTABILITY = YES;
				GCC_C_LANGUAGE_STANDARD = gnu11;
				GCC_DYNAMIC_NO_PIC = NO;
				GCC_NO_COMMON_BLOCKS = YES;
				GCC_OPTIMIZATION_LEVEL = 0;
				GCC_PREPROCESSOR_DEFINITIONS = (
					"$(inherited)",
					"DEBUG=1",
				);
				GCC_WARN_64_TO_32_BIT_CONVERSION = YES;
				GCC_WARN_ABOUT_RETURN_TYPE = YES_ERROR;
				GCC_WARN_UNDECLARED_SELECTOR = YES;
				GCC_WARN_UNINITIALIZED_AUTOS = YES_AGGRESSIVE;
				GCC_WARN_UNUSED_FUNCTION = YES;
				GCC_WARN_UNUSED_VARIABLE = YES;
				MACOSX_DEPLOYMENT_TARGET = 15.0;
				MARKETING_VERSION = 1.0.0;
				MTL_ENABLE_DEBUG_INFO = INCLUDE_SOURCE;
				MTL_FAST_MATH = YES;
				ONLY_ACTIVE_ARCH = YES;
				PRODUCT_NAME = "$(TARGET_NAME)";
				SDKROOT = macosx;
				SWIFT_ACTIVE_COMPILATION_CONDITIONS = DEBUG;
				SWIFT_OPTIMIZATION_LEVEL = "-Onone";
				SWIFT_VERSION = 5.9;
			};
			name = Debug;
		};
		AD7F1AD990ED0BA62268BF59 /* Debug */ = {
			isa = XCBuildConfiguration;
			buildSettings = {
				ASSETCATALOG_COMPILER_APPICON_NAME = AppIcon;
				COMBINE_HIDPI_IMAGES = YES;
				ENABLE_APP_SANDBOX = NO;
				ENABLE_HARDENED_RUNTIME = YES;
				GENERATE_INFOPLIST_FILE = YES;
				INFOPLIST_KEY_CFBundleDisplayName = "배포 콘솔";
				LD_RUNPATH_SEARCH_PATHS = (
					"$(inherited)",
					"@executable_path/../Frameworks",
				);
				PRODUCT_BUNDLE_IDENTIFIER = com.leeo.deploybar;
				PRODUCT_NAME = DeployBar;
				SDKROOT = macosx;
			};
			name = Debug;
		};
		DE392AF6A6C68BAFD2A4EF9D /* Release */ = {
			isa = XCBuildConfiguration;
			buildSettings = {
				ASSETCATALOG_COMPILER_APPICON_NAME = AppIcon;
				COMBINE_HIDPI_IMAGES = YES;
				ENABLE_APP_SANDBOX = NO;
				ENABLE_HARDENED_RUNTIME = YES;
				GENERATE_INFOPLIST_FILE = YES;
				INFOPLIST_KEY_CFBundleDisplayName = "배포 콘솔";
				LD_RUNPATH_SEARCH_PATHS = (
					"$(inherited)",
					"@executable_path/../Frameworks",
				);
				PRODUCT_BUNDLE_IDENTIFIER = com.leeo.deploybar;
				PRODUCT_NAME = DeployBar;
				SDKROOT = macosx;
			};
			name = Release;
		};
		FB6959C5A1DB7C22564237F0 /* Release */ = {
			isa = XCBuildConfiguration;
			buildSettings = {
				ALWAYS_SEARCH_USER_PATHS = NO;
				CLANG_ANALYZER_NONNULL = YES;
				CLANG_ANALYZER_NUMBER_OBJECT_CONVERSION = YES_AGGRESSIVE;
				CLANG_CXX_LANGUAGE_STANDARD = "gnu++14";
				CLANG_CXX_LIBRARY = "libc++";
				CLANG_ENABLE_MODULES = YES;
				CLANG_ENABLE_OBJC_ARC = YES;
				CLANG_ENABLE_OBJC_WEAK = YES;
				CLANG_WARN_BLOCK_CAPTURE_AUTORELEASING = YES;
				CLANG_WARN_BOOL_CONVERSION = YES;
				CLANG_WARN_COMMA = YES;
				CLANG_WARN_CONSTANT_CONVERSION = YES;
				CLANG_WARN_DEPRECATED_OBJC_IMPLEMENTATIONS = YES;
				CLANG_WARN_DIRECT_OBJC_ISA_USAGE = YES_ERROR;
				CLANG_WARN_DOCUMENTATION_COMMENTS = YES;
				CLANG_WARN_EMPTY_BODY = YES;
				CLANG_WARN_ENUM_CONVERSION = YES;
				CLANG_WARN_INFINITE_RECURSION = YES;
				CLANG_WARN_INT_CONVERSION = YES;
				CLANG_WARN_NON_LITERAL_NULL_CONVERSION = YES;
				CLANG_WARN_OBJC_IMPLICIT_RETAIN_SELF = YES;
				CLANG_WARN_OBJC_LITERAL_CONVERSION = YES;
				CLANG_WARN_OBJC_ROOT_CLASS = YES_ERROR;
				CLANG_WARN_QUOTED_INCLUDE_IN_FRAMEWORK_HEADER = YES;
				CLANG_WARN_RANGE_LOOP_ANALYSIS = YES;
				CLANG_WARN_STRICT_PROTOTYPES = YES;
				CLANG_WARN_SUSPICIOUS_MOVE = YES;
				CLANG_WARN_UNGUARDED_AVAILABILITY = YES_AGGRESSIVE;
				CLANG_WARN_UNREACHABLE_CODE = YES;
				CLANG_WARN__DUPLICATE_METHOD_MATCH = YES;
				CODE_SIGN_STYLE = Automatic;
				COPY_PHASE_STRIP = NO;
				CURRENT_PROJECT_VERSION = 1;
				DEBUG_INFORMATION_FORMAT = "dwarf-with-dsym";
				DEVELOPMENT_TEAM = QGAQ3AY3R3;
				ENABLE_NS_ASSERTIONS = NO;
				ENABLE_STRICT_OBJC_MSGSEND = YES;
				GCC_C_LANGUAGE_STANDARD = gnu11;
				GCC_NO_COMMON_BLOCKS = YES;
				GCC_WARN_64_TO_32_BIT_CONVERSION = YES;
				GCC_WARN_ABOUT_RETURN_TYPE = YES_ERROR;
				GCC_WARN_UNDECLARED_SELECTOR = YES;
				GCC_WARN_UNINITIALIZED_AUTOS = YES_AGGRESSIVE;
				GCC_WARN_UNUSED_FUNCTION = YES;
				GCC_WARN_UNUSED_VARIABLE = YES;
				MACOSX_DEPLOYMENT_TARGET = 15.0;
				MARKETING_VERSION = 1.0.0;
				MTL_ENABLE_DEBUG_INFO = NO;
				MTL_FAST_MATH = YES;
				PRODUCT_NAME = "$(TARGET_NAME)";
				SDKROOT = macosx;
				SWIFT_COMPILATION_MODE = wholemodule;
				SWIFT_OPTIMIZATION_LEVEL = "-O";
				SWIFT_VERSION = 5.9;
			};
			name = Release;
		};
/* End XCBuildConfiguration section */

/* Begin XCConfigurationList section */
		606CF53741F937BF6C070B6C /* Build configuration list for PBXNativeTarget "DeployBar" */ = {
			isa = XCConfigurationList;
			buildConfigurations = (
				AD7F1AD990ED0BA62268BF59 /* Debug */,
				DE392AF6A6C68BAFD2A4EF9D /* Release */,
			);
			defaultConfigurationIsVisible = 0;
			defaultConfigurationName = Debug;
		};
		B746D0232D5BDFBA21595CA0 /* Build configuration list for PBXProject "DeployBar" */ = {
			isa = XCConfigurationList;
			buildConfigurations = (
				384F3C0A005A3BA69669AF9E /* Debug */,
				FB6959C5A1DB7C22564237F0 /* Release */,
			);
			defaultConfigurationIsVisible = 0;
			defaultConfigurationName = Debug;
		};
/* End XCConfigurationList section */
	};
	rootObject = CEFDCD51BD5695E365B54CD3 /* Project object */;
}
